
Microsoft Visual Studio Solution File, Format Version 12.00
# Visual Studio Version 16
VisualStudioVersion = 16.0.30320.27
MinimumVisualStudioVersion = 10.0.40219.1
Project("{FAE04EC0-301F-11D3-BF4B-00C04F79EFBC}") = "euler28", "euler28\euler28.csproj", "{57E2D93D-4A2A-4CC1-B0DF-9D7CB95080E5}"
EndProject
Global
	GlobalSection(SolutionConfigurationPlatforms) = preSolution
		Debug|Any CPU = Debug|Any CPU
		Release|Any CPU = Release|Any CPU
	EndGlobalSection
	GlobalSection(ProjectConfigurationPlatforms) = postSolution
		{57E2D93D-4A2A-4CC1-B0DF-9D7CB95080E5}.Debug|Any CPU.ActiveCfg = Debug|Any CPU
		{57E2D93D-4A2A-4CC1-B0DF-9D7CB95080E5}.Debug|Any CPU.Build.0 = Debug|Any CPU
		{57E2D93D-4A2A-4CC1-B0DF-9D7CB95080E5}.Release|Any CPU.ActiveCfg = Release|Any CPU
		{57E2D93D-4A2A-4CC1-B0DF-9D7CB95080E5}.Release|Any CPU.Build.0 = Release|Any CPU
	EndGlobalSection
	GlobalSection(SolutionProperties) = preSolution
		HideSolutionNode = FALSE
	EndGlobalSection
	GlobalSection(ExtensibilityGlobals) = postSolution
		SolutionGuid = {11F35BA8-CD5C-46DB-9939-E43680EA2AEA}
	EndGlobalSection
EndGlobal
