
Microsoft Visual Studio Solution File, Format Version 12.00
# Visual Studio Version 16
VisualStudioVersion = 16.0.30320.27
MinimumVisualStudioVersion = 10.0.40219.1
Project("{FAE04EC0-301F-11D3-BF4B-00C04F79EFBC}") = "e25", "e25\e25.csproj", "{2BF71EBF-BC20-486D-97AF-8E918D74AFC9}"
EndProject
Global
	GlobalSection(SolutionConfigurationPlatforms) = preSolution
		Debug|Any CPU = Debug|Any CPU
		Release|Any CPU = Release|Any CPU
	EndGlobalSection
	GlobalSection(ProjectConfigurationPlatforms) = postSolution
		{2BF71EBF-BC20-486D-97AF-8E918D74AFC9}.Debug|Any CPU.ActiveCfg = Debug|Any CPU
		{2BF71EBF-BC20-486D-97AF-8E918D74AFC9}.Debug|Any CPU.Build.0 = Debug|Any CPU
		{2BF71EBF-BC20-486D-97AF-8E918D74AFC9}.Release|Any CPU.ActiveCfg = Release|Any CPU
		{2BF71EBF-BC20-486D-97AF-8E918D74AFC9}.Release|Any CPU.Build.0 = Release|Any CPU
	EndGlobalSection
	GlobalSection(SolutionProperties) = preSolution
		HideSolutionNode = FALSE
	EndGlobalSection
	GlobalSection(ExtensibilityGlobals) = postSolution
		SolutionGuid = {2A384D8A-7F42-422D-A169-A456AE39C3B6}
	EndGlobalSection
EndGlobal
